// !$*UTF8*$!
{
	archiveVersion = 1;
	classes = {
	};
	objectVersion = 56;
	objects = {

/* Begin PBXBuildFile section */
		5D72EEB12DD8B10D0097CA9D /* DronMissionsAppApp.swift in Sources */ = {isa = PBXBuildFile; fileRef = 5D72EEB02DD8B10D0097CA9D /* DronMissionsAppApp.swift */; };
		5D72EEB32DD8B10D0097CA9D /* ContentView.swift in Sources */ = {isa = PBXBuildFile; fileRef = 5D72EEB22DD8B10D0097CA9D /* ContentView.swift */; };
		5D72EEB52DD8B10F0097CA9D /* Assets.xcassets in Resources */ = {isa = PBXBuildFile; fileRef = 5D72EEB42DD8B10F0097CA9D /* Assets.xcassets */; };
		5D72EEB82DD8B10F0097CA9D /* Preview Assets.xcassets in Resources */ = {isa = PBXBuildFile; fileRef = 5D72EEB72DD8B10F0097CA9D /* Preview Assets.xcassets */; };
		5D72EEC22DD8B1100097CA9D /* DronMissionsAppTests.swift in Sources */ = {isa = PBXBuildFile; fileRef = 5D72EEC12DD8B1100097CA9D /* DronMissionsAppTests.swift */; };
		5D72EECC2DD8B1100097CA9D /* DronMissionsAppUITests.swift in Sources */ = {isa = PBXBuildFile; fileRef = 5D72EECB2DD8B1100097CA9D /* DronMissionsAppUITests.swift */; };
		5D72EECE2DD8B1100097CA9D /* DronMissionsAppUITestsLaunchTests.swift in Sources */ = {isa = PBXBuildFile; fileRef = 5D72EECD2DD8B1100097CA9D /* DronMissionsAppUITestsLaunchTests.swift */; };
/* End PBXBuildFile section */

/* Begin PBXContainerItemProxy section */
		5D72EEBE2DD8B1100097CA9D /* PBXContainerItemProxy */ = {
			isa = PBXContainerItemProxy;
			containerPortal = 5D72EEA52DD8B10D0097CA9D /* Project object */;
			proxyType = 1;
			remoteGlobalIDString = 5D72EEAC2DD8B10D0097CA9D;
			remoteInfo = DronMissionsApp;
		};
		5D72EEC82DD8B1100097CA9D /* PBXContainerItemProxy */ = {
			isa = PBXContainerItemProxy;
			containerPortal = 5D72EEA52DD8B10D0097CA9D /* Project object */;
			proxyType = 1;
			remoteGlobalIDString = 5D72EEAC2DD8B10D0097CA9D;
			remoteInfo = DronMissionsApp;
		};
/* End PBXContainerItemProxy section */

/* Begin PBXFileReference section */
		5D72EEAD2DD8B10D0097CA9D /* DronMissionsApp.app */ = {isa = PBXFileReference; explicitFileType = wrapper.application; includeInIndex = 0; path = DronMissionsApp.app; sourceTree = BUILT_PRODUCTS_DIR; };
		5D72EEB02DD8B10D0097CA9D /* DronMissionsAppApp.swift */ = {isa = PBXFileReference; lastKnownFileType = sourcecode.swift; path = DronMissionsAppApp.swift; sourceTree = "<group>"; };
		5D72EEB22DD8B10D0097CA9D /* ContentView.swift */ = {isa = PBXFileReference; lastKnownFileType = sourcecode.swift; path = ContentView.swift; sourceTree = "<group>"; };
		5D72EEB42DD8B10F0097CA9D /* Assets.xcassets */ = {isa = PBXFileReference; lastKnownFileType = folder.assetcatalog; path = Assets.xcassets; sourceTree = "<group>"; };
		5D72EEB72DD8B10F0097CA9D /* Preview Assets.xcassets */ = {isa = PBXFileReference; lastKnownFileType = folder.assetcatalog; path = "Preview Assets.xcassets"; sourceTree = "<group>"; };
		5D72EEBD2DD8B1100097CA9D /* DronMissionsAppTests.xctest */ = {isa = PBXFileReference; explicitFileType = wrapper.cfbundle; includeInIndex = 0; path = DronMissionsAppTests.xctest; sourceTree = BUILT_PRODUCTS_DIR; };
		5D72EEC12DD8B1100097CA9D /* DronMissionsAppTests.swift */ = {isa = PBXFileReference; lastKnownFileType = sourcecode.swift; path = DronMissionsAppTests.swift; sourceTree = "<group>"; };
		5D72EEC72DD8B1100097CA9D /* DronMissionsAppUITests.xctest */ = {isa = PBXFileReference; explicitFileType = wrapper.cfbundle; includeInIndex = 0; path = DronMissionsAppUITests.xctest; sourceTree = BUILT_PRODUCTS_DIR; };
		5D72EECB2DD8B1100097CA9D /* DronMissionsAppUITests.swift */ = {isa = PBXFileReference; lastKnownFileType = sourcecode.swift; path = DronMissionsAppUITests.swift; sourceTree = "<group>"; };
		5D72EECD2DD8B1100097CA9D /* DronMissionsAppUITestsLaunchTests.swift */ = {isa = PBXFileReference; lastKnownFileType = sourcecode.swift; path = DronMissionsAppUITestsLaunchTests.swift; sourceTree = "<group>"; };
/* End PBXFileReference section */

/* Begin PBXFrameworksBuildPhase section */
		5D72EEAA2DD8B10D0097CA9D /* Frameworks */ = {
			isa = PBXFrameworksBuildPhase;
			buildActionMask = 2147483647;
			files = (
			);
			runOnlyForDeploymentPostprocessing = 0;
		};
		5D72EEBA2DD8B1100097CA9D /* Frameworks */ = {
			isa = PBXFrameworksBuildPhase;
			buildActionMask = 2147483647;
			files = (
			);
			runOnlyForDeploymentPostprocessing = 0;
		};
		5D72EEC42DD8B1100097CA9D /* Frameworks */ = {
			isa = PBXFrameworksBuildPhase;
			buildActionMask = 2147483647;
			files = (
			);
			runOnlyForDeploymentPostprocessing = 0;
		};
/* End PBXFrameworksBuildPhase section */

/* Begin PBXGroup section */
		5D72EEA42DD8B10D0097CA9D = {
			isa = PBXGroup;
			children = (
				5D72EEAF2DD8B10D0097CA9D /* DronMissionsApp */,
				5D72EEC02DD8B1100097CA9D /* DronMissionsAppTests */,
				5D72EECA2DD8B1100097CA9D /* DronMissionsAppUITests */,
				5D72EEAE2DD8B10D0097CA9D /* Products */,
			);
			sourceTree = "<group>";
		};
		5D72EEAE2DD8B10D0097CA9D /* Products */ = {
			isa = PBXGroup;
			children = (
				5D72EEAD2DD8B10D0097CA9D /* DronMissionsApp.app */,
				5D72EEBD2DD8B1100097CA9D /* DronMissionsAppTests.xctest */,
				5D72EEC72DD8B1100097CA9D /* DronMissionsAppUITests.xctest */,
			);
			name = Products;
			sourceTree = "<group>";
		};
		5D72EEAF2DD8B10D0097CA9D /* DronMissionsApp */ = {
			isa = PBXGroup;
			children = (
				5D72EEB02DD8B10D0097CA9D /* DronMissionsAppApp.swift */,
				5D72EEB22DD8B10D0097CA9D /* ContentView.swift */,
				5D72EEB42DD8B10F0097CA9D /* Assets.xcassets */,
				5D72EEB62DD8B10F0097CA9D /* Preview Content */,
			);
			path = DronMissionsApp;
			sourceTree = "<group>";
		};
		5D72EEB62DD8B10F0097CA9D /* Preview Content */ = {
			isa = PBXGroup;
			children = (
				5D72EEB72DD8B10F0097CA9D /* Preview Assets.xcassets */,
			);
			path = "Preview Content";
			sourceTree = "<group>";
		};
		5D72EEC02DD8B1100097CA9D /* DronMissionsAppTests */ = {
			isa = PBXGroup;
			children = (
				5D72EEC12DD8B1100097CA9D /* DronMissionsAppTests.swift */,
			);
			path = DronMissionsAppTests;
			sourceTree = "<group>";
		};
		5D72EECA2DD8B1100097CA9D /* DronMissionsAppUITests */ = {
			isa = PBXGroup;
			children = (
				5D72EECB2DD8B1100097CA9D /* DronMissionsAppUITests.swift */,
				5D72EECD2DD8B1100097CA9D /* DronMissionsAppUITestsLaunchTests.swift */,
			);
			path = DronMissionsAppUITests;
			sourceTree = "<group>";
		};
/* End PBXGroup section */

/* Begin PBXNativeTarget section */
		5D72EEAC2DD8B10D0097CA9D /* DronMissionsApp */ = {
			isa = PBXNativeTarget;
			buildConfigurationList = 5D72EED12DD8B1100097CA9D /* Build configuration list for PBXNativeTarget "DronMissionsApp" */;
			buildPhases = (
				5D72EEA92DD8B10D0097CA9D /* Sources */,
				5D72EEAA2DD8B10D0097CA9D /* Frameworks */,
				5D72EEAB2DD8B10D0097CA9D /* Resources */,
			);
			buildRules = (
			);
			dependencies = (
			);
			name = DronMissionsApp;
			productName = DronMissionsApp;
			productReference = 5D72EEAD2DD8B10D0097CA9D /* DronMissionsApp.app */;
			productType = "com.apple.product-type.application";
		};
		5D72EEBC2DD8B1100097CA9D /* DronMissionsAppTests */ = {
			isa = PBXNativeTarget;
			buildConfigurationList = 5D72EED42DD8B1100097CA9D /* Build configuration list for PBXNativeTarget "DronMissionsAppTests" */;
			buildPhases = (
				5D72EEB92DD8B1100097CA9D /* Sources */,
				5D72EEBA2DD8B1100097CA9D /* Frameworks */,
				5D72EEBB2DD8B1100097CA9D /* Resources */,
			);
			buildRules = (
			);
			dependencies = (
				5D72EEBF2DD8B1100097CA9D /* PBXTargetDependency */,
			);
			name = DronMissionsAppTests;
			productName = DronMissionsAppTests;
			productReference = 5D72EEBD2DD8B1100097CA9D /* DronMissionsAppTests.xctest */;
			productType = "com.apple.product-type.bundle.unit-test";
		};
		5D72EEC62DD8B1100097CA9D /* DronMissionsAppUITests */ = {
			isa = PBXNativeTarget;
			buildConfigurationList = 5D72EED72DD8B1100097CA9D /* Build configuration list for PBXNativeTarget "DronMissionsAppUITests" */;
			buildPhases = (
				5D72EEC32DD8B1100097CA9D /* Sources */,
				5D72EEC42DD8B1100097CA9D /* Frameworks */,
				5D72EEC52DD8B1100097CA9D /* Resources */,
			);
			buildRules = (
			);
			dependencies = (
				5D72EEC92DD8B1100097CA9D /* PBXTargetDependency */,
			);
			name = DronMissionsAppUITests;
			productName = DronMissionsAppUITests;
			productReference = 5D72EEC72DD8B1100097CA9D /* DronMissionsAppUITests.xctest */;
			productType = "com.apple.product-type.bundle.ui-testing";
		};
/* End PBXNativeTarget section */

/* Begin PBXProject section */
		5D72EEA52DD8B10D0097CA9D /* Project object */ = {
			isa = PBXProject;
			attributes = {
				BuildIndependentTargetsInParallel = 1;
				LastSwiftUpdateCheck = 1540;
				LastUpgradeCheck = 1540;
				TargetAttributes = {
					5D72EEAC2DD8B10D0097CA9D = {
						CreatedOnToolsVersion = 15.4;
					};
					5D72EEBC2DD8B1100097CA9D = {
						CreatedOnToolsVersion = 15.4;
						TestTargetID = 5D72EEAC2DD8B10D0097CA9D;
					};
					5D72EEC62DD8B1100097CA9D = {
						CreatedOnToolsVersion = 15.4;
						TestTargetID = 5D72EEAC2DD8B10D0097CA9D;
					};
				};
			};
			buildConfigurationList = 5D72EEA82DD8B10D0097CA9D /* Build configuration list for PBXProject "DronMissionsApp" */;
			compatibilityVersion = "Xcode 14.0";
			developmentRegion = en;
			hasScannedForEncodings = 0;
			knownRegions = (
				en,
				Base,
			);
			mainGroup = 5D72EEA42DD8B10D0097CA9D;
			productRefGroup = 5D72EEAE2DD8B10D0097CA9D /* Products */;
			projectDirPath = "";
			projectRoot = "";
			targets = (
				5D72EEAC2DD8B10D0097CA9D /* DronMissionsApp */,
				5D72EEBC2DD8B1100097CA9D /* DronMissionsAppTests */,
				5D72EEC62DD8B1100097CA9D /* DronMissionsAppUITests */,
			);
		};
/* End PBXProject section */

/* Begin PBXResourcesBuildPhase section */
		5D72EEAB2DD8B10D0097CA9D /* Resources */ = {
			isa = PBXResourcesBuildPhase;
			buildActionMask = 2147483647;
			files = (
				5D72EEB82DD8B10F0097CA9D /* Preview Assets.xcassets in Resources */,
				5D72EEB52DD8B10F0097CA9D /* Assets.xcassets in Resources */,
			);
			runOnlyForDeploymentPostprocessing = 0;
		};
		5D72EEBB2DD8B1100097CA9D /* Resources */ = {
			isa = PBXResourcesBuildPhase;
			buildActionMask = 2147483647;
			files = (
			);
			runOnlyForDeploymentPostprocessing = 0;
		};
		5D72EEC52DD8B1100097CA9D /* Resources */ = {
			isa = PBXResourcesBuildPhase;
			buildActionMask = 2147483647;
			files = (
			);
			runOnlyForDeploymentPostprocessing = 0;
		};
/* End PBXResourcesBuildPhase section */

/* Begin PBXSourcesBuildPhase section */
		5D72EEA92DD8B10D0097CA9D /* Sources */ = {
			isa = PBXSourcesBuildPhase;
			buildActionMask = 2147483647;
			files = (
				5D72EEB32DD8B10D0097CA9D /* ContentView.swift in Sources */,
				5D72EEB12DD8B10D0097CA9D /* DronMissionsAppApp.swift in Sources */,
			);
			runOnlyForDeploymentPostprocessing = 0;
		};
		5D72EEB92DD8B1100097CA9D /* Sources */ = {
			isa = PBXSourcesBuildPhase;
			buildActionMask = 2147483647;
			files = (
				5D72EEC22DD8B1100097CA9D /* DronMissionsAppTests.swift in Sources */,
			);
			runOnlyForDeploymentPostprocessing = 0;
		};
		5D72EEC32DD8B1100097CA9D /* Sources */ = {
			isa = PBXSourcesBuildPhase;
			buildActionMask = 2147483647;
			files = (
				5D72EECE2DD8B1100097CA9D /* DronMissionsAppUITestsLaunchTests.swift in Sources */,
				5D72EECC2DD8B1100097CA9D /* DronMissionsAppUITests.swift in Sources */,
			);
			runOnlyForDeploymentPostprocessing = 0;
		};
/* End PBXSourcesBuildPhase section */

/* Begin PBXTargetDependency section */
		5D72EEBF2DD8B1100097CA9D /* PBXTargetDependency */ = {
			isa = PBXTargetDependency;
			target = 5D72EEAC2DD8B10D0097CA9D /* DronMissionsApp */;
			targetProxy = 5D72EEBE2DD8B1100097CA9D /* PBXContainerItemProxy */;
		};
		5D72EEC92DD8B1100097CA9D /* PBXTargetDependency */ = {
			isa = PBXTargetDependency;
			target = 5D72EEAC2DD8B10D0097CA9D /* DronMissionsApp */;
			targetProxy = 5D72EEC82DD8B1100097CA9D /* PBXContainerItemProxy */;
		};
/* End PBXTargetDependency section */

/* Begin XCBuildConfiguration section */
		5D72EECF2DD8B1100097CA9D /* Debug */ = {
			isa = XCBuildConfiguration;
			buildSettings = {
				ALWAYS_SEARCH_USER_PATHS = NO;
				ASSETCATALOG_COMPILER_GENERATE_SWIFT_ASSET_SYMBOL_EXTENSIONS = YES;
				CLANG_ANALYZER_NONNULL = YES;
				CLANG_ANALYZER_NUMBER_OBJECT_CONVERSION = YES_AGGRESSIVE;
				CLANG_CXX_LANGUAGE_STANDARD = "gnu++20";
				CLANG_ENABLE_MODULES = YES;
				CLANG_ENABLE_OBJC_ARC = YES;
				CLANG_ENABLE_OBJC_WEAK = YES;
				CLANG_WARN_BLOCK_CAPTURE_AUTORELEASING = YES;
				CLANG_WARN_BOOL_CONVERSION = YES;
				CLANG_WARN_COMMA = YES;
				CLANG_WARN_CONSTANT_CONVERSION = YES;
				CLANG_WARN_DEPRECATED_OBJC_IMPLEMENTATIONS = YES;
				CLANG_WARN_DIRECT_OBJC_ISA_USAGE = YES_ERROR;
				CLANG_WARN_DOCUMENTATION_COMMENTS = YES;
				CLANG_WARN_EMPTY_BODY = YES;
				CLANG_WARN_ENUM_CONVERSION = YES;
				CLANG_WARN_INFINITE_RECURSION = YES;
				CLANG_WARN_INT_CONVERSION = YES;
				CLANG_WARN_NON_LITERAL_NULL_CONVERSION = YES;
				CLANG_WARN_OBJC_IMPLICIT_RETAIN_SELF = YES;
				CLANG_WARN_OBJC_LITERAL_CONVERSION = YES;
				CLANG_WARN_OBJC_ROOT_CLASS = YES_ERROR;
				CLANG_WARN_QUOTED_INCLUDE_IN_FRAMEWORK_HEADER = YES;
				CLANG_WARN_RANGE_LOOP_ANALYSIS = YES;
				CLANG_WARN_STRICT_PROTOTYPES = YES;
				CLANG_WARN_SUSPICIOUS_MOVE = YES;
				CLANG_WARN_UNGUARDED_AVAILABILITY = YES_AGGRESSIVE;
				CLANG_WARN_UNREACHABLE_CODE = YES;
				CLANG_WARN__DUPLICATE_METHOD_MATCH = YES;
				COPY_PHASE_STRIP = NO;
				DEBUG_INFORMATION_FORMAT = dwarf;
				ENABLE_STRICT_OBJC_MSGSEND = YES;
				ENABLE_TESTABILITY = YES;
				ENABLE_USER_SCRIPT_SANDBOXING = YES;
				GCC_C_LANGUAGE_STANDARD = gnu17;
				GCC_DYNAMIC_NO_PIC = NO;
				GCC_NO_COMMON_BLOCKS = YES;
				GCC_OPTIMIZATION_LEVEL = 0;
				GCC_PREPROCESSOR_DEFINITIONS = (
					"DEBUG=1",
					"$(inherited)",
				);
				GCC_WARN_64_TO_32_BIT_CONVERSION = YES;
				GCC_WARN_ABOUT_RETURN_TYPE = YES_ERROR;
				GCC_WARN_UNDECLARED_SELECTOR = YES;
				GCC_WARN_UNINITIALIZED_AUTOS = YES_AGGRESSIVE;
				GCC_WARN_UNUSED_FUNCTION = YES;
				GCC_WARN_UNUSED_VARIABLE = YES;
				IPHONEOS_DEPLOYMENT_TARGET = 17.5;
				LOCALIZATION_PREFERS_STRING_CATALOGS = YES;
				MTL_ENABLE_DEBUG_INFO = INCLUDE_SOURCE;
				MTL_FAST_MATH = YES;
				ONLY_ACTIVE_ARCH = YES;
				SDKROOT = iphoneos;
				SWIFT_ACTIVE_COMPILATION_CONDITIONS = "DEBUG $(inherited)";
				SWIFT_OPTIMIZATION_LEVEL = "-Onone";
			};
			name = Debug;
		};
		5D72EED02DD8B1100097CA9D /* Release */ = {
			isa = XCBuildConfiguration;
			buildSettings = {
				ALWAYS_SEARCH_USER_PATHS = NO;
				ASSETCATALOG_COMPILER_GENERATE_SWIFT_ASSET_SYMBOL_EXTENSIONS = YES;
				CLANG_ANALYZER_NONNULL = YES;
				CLANG_ANALYZER_NUMBER_OBJECT_CONVERSION = YES_AGGRESSIVE;
				CLANG_CXX_LANGUAGE_STANDARD = "gnu++20";
				CLANG_ENABLE_MODULES = YES;
				CLANG_ENABLE_OBJC_ARC = YES;
				CLANG_ENABLE_OBJC_WEAK = YES;
				CLANG_WARN_BLOCK_CAPTURE_AUTORELEASING = YES;
				CLANG_WARN_BOOL_CONVERSION = YES;
				CLANG_WARN_COMMA = YES;
				CLANG_WARN_CONSTANT_CONVERSION = YES;
				CLANG_WARN_DEPRECATED_OBJC_IMPLEMENTATIONS = YES;
				CLANG_WARN_DIRECT_OBJC_ISA_USAGE = YES_ERROR;
				CLANG_WARN_DOCUMENTATION_COMMENTS = YES;
				CLANG_WARN_EMPTY_BODY = YES;
				CLANG_WARN_ENUM_CONVERSION = YES;
				CLANG_WARN_INFINITE_RECURSION = YES;
				CLANG_WARN_INT_CONVERSION = YES;
				CLANG_WARN_NON_LITERAL_NULL_CONVERSION = YES;
				CLANG_WARN_OBJC_IMPLICIT_RETAIN_SELF = YES;
				CLANG_WARN_OBJC_LITERAL_CONVERSION = YES;
				CLANG_WARN_OBJC_ROOT_CLASS = YES_ERROR;
				CLANG_WARN_QUOTED_INCLUDE_IN_FRAMEWORK_HEADER = YES;
				CLANG_WARN_RANGE_LOOP_ANALYSIS = YES;
				CLANG_WARN_STRICT_PROTOTYPES = YES;
				CLANG_WARN_SUSPICIOUS_MOVE = YES;
				CLANG_WARN_UNGUARDED_AVAILABILITY = YES_AGGRESSIVE;
				CLANG_WARN_UNREACHABLE_CODE = YES;
				CLANG_WARN__DUPLICATE_METHOD_MATCH = YES;
				COPY_PHASE_STRIP = NO;
				DEBUG_INFORMATION_FORMAT = "dwarf-with-dsym";
				ENABLE_NS_ASSERTIONS = NO;
				ENABLE_STRICT_OBJC_MSGSEND = YES;
				ENABLE_USER_SCRIPT_SANDBOXING = YES;
				GCC_C_LANGUAGE_STANDARD = gnu17;
				GCC_NO_COMMON_BLOCKS = YES;
				GCC_WARN_64_TO_32_BIT_CONVERSION = YES;
				GCC_WARN_ABOUT_RETURN_TYPE = YES_ERROR;
				GCC_WARN_UNDECLARED_SELECTOR = YES;
				GCC_WARN_UNINITIALIZED_AUTOS = YES_AGGRESSIVE;
				GCC_WARN_UNUSED_FUNCTION = YES;
				GCC_WARN_UNUSED_VARIABLE = YES;
				IPHONEOS_DEPLOYMENT_TARGET = 17.5;
				LOCALIZATION_PREFERS_STRING_CATALOGS = YES;
				MTL_ENABLE_DEBUG_INFO = NO;
				MTL_FAST_MATH = YES;
				SDKROOT = iphoneos;
				SWIFT_COMPILATION_MODE = wholemodule;
				VALIDATE_PRODUCT = YES;
			};
			name = Release;
		};
		5D72EED22DD8B1100097CA9D /* Debug */ = {
			isa = XCBuildConfiguration;
			buildSettings = {
				ASSETCATALOG_COMPILER_APPICON_NAME = AppIcon;
				ASSETCATALOG_COMPILER_GLOBAL_ACCENT_COLOR_NAME = AccentColor;
				CODE_SIGN_STYLE = Automatic;
				CURRENT_PROJECT_VERSION = 1;
				DEVELOPMENT_ASSET_PATHS = "\"DronMissionsApp/Preview Content\"";
				DEVELOPMENT_TEAM = Q2AP78H3Q5;
				ENABLE_PREVIEWS = YES;
				GENERATE_INFOPLIST_FILE = YES;
				INFOPLIST_KEY_UIApplicationSceneManifest_Generation = YES;
				INFOPLIST_KEY_UIApplicationSupportsIndirectInputEvents = YES;
				INFOPLIST_KEY_UILaunchScreen_Generation = YES;
				INFOPLIST_KEY_UISupportedInterfaceOrientations_iPad = "UIInterfaceOrientationPortrait UIInterfaceOrientationPortraitUpsideDown UIInterfaceOrientationLandscapeLeft UIInterfaceOrientationLandscapeRight";
				INFOPLIST_KEY_UISupportedInterfaceOrientations_iPhone = "UIInterfaceOrientationPortrait UIInterfaceOrientationLandscapeLeft UIInterfaceOrientationLandscapeRight";
				LD_RUNPATH_SEARCH_PATHS = (
					"$(inherited)",
					"@executable_path/Frameworks",
				);
				MARKETING_VERSION = 1.0;
				PRODUCT_BUNDLE_IDENTIFIER = ecosystems.DronMissionsApp;
				PRODUCT_NAME = "$(TARGET_NAME)";
				SWIFT_EMIT_LOC_STRINGS = YES;
				SWIFT_VERSION = 5.0;
				TARGETED_DEVICE_FAMILY = "1,2";
			};
			name = Debug;
		};
		5D72EED32DD8B1100097CA9D /* Release */ = {
			isa = XCBuildConfiguration;
			buildSettings = {
				ASSETCATALOG_COMPILER_APPICON_NAME = AppIcon;
				ASSETCATALOG_COMPILER_GLOBAL_ACCENT_COLOR_NAME = AccentColor;
				CODE_SIGN_STYLE = Automatic;
				CURRENT_PROJECT_VERSION = 1;
				DEVELOPMENT_ASSET_PATHS = "\"DronMissionsApp/Preview Content\"";
				DEVELOPMENT_TEAM = Q2AP78H3Q5;
				ENABLE_PREVIEWS = YES;
				GENERATE_INFOPLIST_FILE = YES;
				INFOPLIST_KEY_UIApplicationSceneManifest_Generation = YES;
				INFOPLIST_KEY_UIApplicationSupportsIndirectInputEvents = YES;
				INFOPLIST_KEY_UILaunchScreen_Generation = YES;
				INFOPLIST_KEY_UISupportedInterfaceOrientations_iPad = "UIInterfaceOrientationPortrait UIInterfaceOrientationPortraitUpsideDown UIInterfaceOrientationLandscapeLeft UIInterfaceOrientationLandscapeRight";
				INFOPLIST_KEY_UISupportedInterfaceOrientations_iPhone = "UIInterfaceOrientationPortrait UIInterfaceOrientationLandscapeLeft UIInterfaceOrientationLandscapeRight";
				LD_RUNPATH_SEARCH_PATHS = (
					"$(inherited)",
					"@executable_path/Frameworks",
				);
				MARKETING_VERSION = 1.0;
				PRODUCT_BUNDLE_IDENTIFIER = ecosystems.DronMissionsApp;
				PRODUCT_NAME = "$(TARGET_NAME)";
				SWIFT_EMIT_LOC_STRINGS = YES;
				SWIFT_VERSION = 5.0;
				TARGETED_DEVICE_FAMILY = "1,2";
			};
			name = Release;
		};
		5D72EED52DD8B1100097CA9D /* Debug */ = {
			isa = XCBuildConfiguration;
			buildSettings = {
				ALWAYS_EMBED_SWIFT_STANDARD_LIBRARIES = YES;
				BUNDLE_LOADER = "$(TEST_HOST)";
				CODE_SIGN_STYLE = Automatic;
				CURRENT_PROJECT_VERSION = 1;
				DEVELOPMENT_TEAM = Q2AP78H3Q5;
				GENERATE_INFOPLIST_FILE = YES;
				IPHONEOS_DEPLOYMENT_TARGET = 17.5;
				MARKETING_VERSION = 1.0;
				PRODUCT_BUNDLE_IDENTIFIER = ecosystems.DronMissionsAppTests;
				PRODUCT_NAME = "$(TARGET_NAME)";
				SWIFT_EMIT_LOC_STRINGS = NO;
				SWIFT_VERSION = 5.0;
				TARGETED_DEVICE_FAMILY = "1,2";
				TEST_HOST = "$(BUILT_PRODUCTS_DIR)/DronMissionsApp.app/$(BUNDLE_EXECUTABLE_FOLDER_PATH)/DronMissionsApp";
			};
			name = Debug;
		};
		5D72EED62DD8B1100097CA9D /* Release */ = {
			isa = XCBuildConfiguration;
			buildSettings = {
				ALWAYS_EMBED_SWIFT_STANDARD_LIBRARIES = YES;
				BUNDLE_LOADER = "$(TEST_HOST)";
				CODE_SIGN_STYLE = Automatic;
				CURRENT_PROJECT_VERSION = 1;
				DEVELOPMENT_TEAM = Q2AP78H3Q5;
				GENERATE_INFOPLIST_FILE = YES;
				IPHONEOS_DEPLOYMENT_TARGET = 17.5;
				MARKETING_VERSION = 1.0;
				PRODUCT_BUNDLE_IDENTIFIER = ecosystems.DronMissionsAppTests;
				PRODUCT_NAME = "$(TARGET_NAME)";
				SWIFT_EMIT_LOC_STRINGS = NO;
				SWIFT_VERSION = 5.0;
				TARGETED_DEVICE_FAMILY = "1,2";
				TEST_HOST = "$(BUILT_PRODUCTS_DIR)/DronMissionsApp.app/$(BUNDLE_EXECUTABLE_FOLDER_PATH)/DronMissionsApp";
			};
			name = Release;
		};
		5D72EED82DD8B1100097CA9D /* Debug */ = {
			isa = XCBuildConfiguration;
			buildSettings = {
				ALWAYS_EMBED_SWIFT_STANDARD_LIBRARIES = YES;
				CODE_SIGN_STYLE = Automatic;
				CURRENT_PROJECT_VERSION = 1;
				DEVELOPMENT_TEAM = Q2AP78H3Q5;
				GENERATE_INFOPLIST_FILE = YES;
				MARKETING_VERSION = 1.0;
				PRODUCT_BUNDLE_IDENTIFIER = ecosystems.DronMissionsAppUITests;
				PRODUCT_NAME = "$(TARGET_NAME)";
				SWIFT_EMIT_LOC_STRINGS = NO;
				SWIFT_VERSION = 5.0;
				TARGETED_DEVICE_FAMILY = "1,2";
				TEST_TARGET_NAME = DronMissionsApp;
			};
			name = Debug;
		};
		5D72EED92DD8B1100097CA9D /* Release */ = {
			isa = XCBuildConfiguration;
			buildSettings = {
				ALWAYS_EMBED_SWIFT_STANDARD_LIBRARIES = YES;
				CODE_SIGN_STYLE = Automatic;
				CURRENT_PROJECT_VERSION = 1;
				DEVELOPMENT_TEAM = Q2AP78H3Q5;
				GENERATE_INFOPLIST_FILE = YES;
				MARKETING_VERSION = 1.0;
				PRODUCT_BUNDLE_IDENTIFIER = ecosystems.DronMissionsAppUITests;
				PRODUCT_NAME = "$(TARGET_NAME)";
				SWIFT_EMIT_LOC_STRINGS = NO;
				SWIFT_VERSION = 5.0;
				TARGETED_DEVICE_FAMILY = "1,2";
				TEST_TARGET_NAME = DronMissionsApp;
			};
			name = Release;
		};
/* End XCBuildConfiguration section */

/* Begin XCConfigurationList section */
		5D72EEA82DD8B10D0097CA9D /* Build configuration list for PBXProject "DronMissionsApp" */ = {
			isa = XCConfigurationList;
			buildConfigurations = (
				5D72EECF2DD8B1100097CA9D /* Debug */,
				5D72EED02DD8B1100097CA9D /* Release */,
			);
			defaultConfigurationIsVisible = 0;
			defaultConfigurationName = Release;
		};
		5D72EED12DD8B1100097CA9D /* Build configuration list for PBXNativeTarget "DronMissionsApp" */ = {
			isa = XCConfigurationList;
			buildConfigurations = (
				5D72EED22DD8B1100097CA9D /* Debug */,
				5D72EED32DD8B1100097CA9D /* Release */,
			);
			defaultConfigurationIsVisible = 0;
			defaultConfigurationName = Release;
		};
		5D72EED42DD8B1100097CA9D /* Build configuration list for PBXNativeTarget "DronMissionsAppTests" */ = {
			isa = XCConfigurationList;
			buildConfigurations = (
				5D72EED52DD8B1100097CA9D /* Debug */,
				5D72EED62DD8B1100097CA9D /* Release */,
			);
			defaultConfigurationIsVisible = 0;
			defaultConfigurationName = Release;
		};
		5D72EED72DD8B1100097CA9D /* Build configuration list for PBXNativeTarget "DronMissionsAppUITests" */ = {
			isa = XCConfigurationList;
			buildConfigurations = (
				5D72EED82DD8B1100097CA9D /* Debug */,
				5D72EED92DD8B1100097CA9D /* Release */,
			);
			defaultConfigurationIsVisible = 0;
			defaultConfigurationName = Release;
		};
/* End XCConfigurationList section */
	};
	rootObject = 5D72EEA52DD8B10D0097CA9D /* Project object */;
}
